// !$*UTF8*$!
{
	archiveVersion = 1;
	classes = {
	};
	objectVersion = 46;
	objects = {

/* Begin PBXBuildFile section */
		9AA82B381D3FEE8B00617248 /* FMDatabase.m in Sources */ = {isa = PBXBuildFile; fileRef = 9AA82B2E1D3FEE8B00617248 /* FMDatabase.m */; };
		9AA82B391D3FEE8B00617248 /* FMDatabaseAdditions.m in Sources */ = {isa = PBXBuildFile; fileRef = 9AA82B301D3FEE8B00617248 /* FMDatabaseAdditions.m */; };
		9AA82B3A1D3FEE8B00617248 /* FMDatabasePool.m in Sources */ = {isa = PBXBuildFile; fileRef = 9AA82B321D3FEE8B00617248 /* FMDatabasePool.m */; };
		9AA82B3B1D3FEE8B00617248 /* FMDatabaseQueue.m in Sources */ = {isa = PBXBuildFile; fileRef = 9AA82B341D3FEE8B00617248 /* FMDatabaseQueue.m */; };
		9AA82B3C1D3FEE8B00617248 /* FMResultSet.m in Sources */ = {isa = PBXBuildFile; fileRef = 9AA82B371D3FEE8B00617248 /* FMResultSet.m */; };
		9AA82B441D404C6C00617248 /* libsqlite3.dylib in Frameworks */ = {isa = PBXBuildFile; fileRef = 9AA82B431D404C6C00617248 /* libsqlite3.dylib */; };
		9AA82B451D404C7C00617248 /* libsqlite3.dylib in Sources */ = {isa = PBXBuildFile; fileRef = 9AA82B431D404C6C00617248 /* libsqlite3.dylib */; };
		9AA82B471D40507300617248 /* PDFAnalyzerClass.swift in Sources */ = {isa = PBXBuildFile; fileRef = 9AA82B461D40507300617248 /* PDFAnalyzerClass.swift */; };
		9ADF212F1D2ED7520070EB92 /* AppDelegate.swift in Sources */ = {isa = PBXBuildFile; fileRef = 9ADF212E1D2ED7520070EB92 /* AppDelegate.swift */; };
		9ADF21311D2ED7520070EB92 /* ViewController.swift in Sources */ = {isa = PBXBuildFile; fileRef = 9ADF21301D2ED7520070EB92 /* ViewController.swift */; };
		9ADF21331D2ED7520070EB92 /* Assets.xcassets in Resources */ = {isa = PBXBuildFile; fileRef = 9ADF21321D2ED7520070EB92 /* Assets.xcassets */; };
		9ADF21361D2ED7520070EB92 /* Main.storyboard in Resources */ = {isa = PBXBuildFile; fileRef = 9ADF21341D2ED7520070EB92 /* Main.storyboard */; };
		9ADF21411D2ED7530070EB92 /* STAAR_DocParser_2016Tests.swift in Sources */ = {isa = PBXBuildFile; fileRef = 9ADF21401D2ED7530070EB92 /* STAAR_DocParser_2016Tests.swift */; };
		9ADF214C1D2ED7530070EB92 /* STAAR_DocParser_2016UITests.swift in Sources */ = {isa = PBXBuildFile; fileRef = 9ADF214B1D2ED7530070EB92 /* STAAR_DocParser_2016UITests.swift */; };
/* End PBXBuildFile section */

/* Begin PBXContainerItemProxy section */
		9ADF213D1D2ED7530070EB92 /* PBXContainerItemProxy */ = {
			isa = PBXContainerItemProxy;
			containerPortal = 9ADF21231D2ED7520070EB92 /* Project object */;
			proxyType = 1;
			remoteGlobalIDString = 9ADF212A1D2ED7520070EB92;
			remoteInfo = STAAR_DocParser_2016;
		};
		9ADF21481D2ED7530070EB92 /* PBXContainerItemProxy */ = {
			isa = PBXContainerItemProxy;
			containerPortal = 9ADF21231D2ED7520070EB92 /* Project object */;
			proxyType = 1;
			remoteGlobalIDString = 9ADF212A1D2ED7520070EB92;
			remoteInfo = STAAR_DocParser_2016;
		};
/* End PBXContainerItemProxy section */

/* Begin PBXFileReference section */
		9AA82B2D1D3FEE8B00617248 /* FMDatabase.h */ = {isa = PBXFileReference; fileEncoding = 4; lastKnownFileType = sourcecode.c.h; path = FMDatabase.h; sourceTree = "<group>"; };
		9AA82B2E1D3FEE8B00617248 /* FMDatabase.m */ = {isa = PBXFileReference; fileEncoding = 4; lastKnownFileType = sourcecode.c.objc; path = FMDatabase.m; sourceTree = "<group>"; };
		9AA82B2F1D3FEE8B00617248 /* FMDatabaseAdditions.h */ = {isa = PBXFileReference; fileEncoding = 4; lastKnownFileType = sourcecode.c.h; path = FMDatabaseAdditions.h; sourceTree = "<group>"; };
		9AA82B301D3FEE8B00617248 /* FMDatabaseAdditions.m */ = {isa = PBXFileReference; fileEncoding = 4; lastKnownFileType = sourcecode.c.objc; path = FMDatabaseAdditions.m; sourceTree = "<group>"; };
		9AA82B311D3FEE8B00617248 /* FMDatabasePool.h */ = {isa = PBXFileReference; fileEncoding = 4; lastKnownFileType = sourcecode.c.h; path = FMDatabasePool.h; sourceTree = "<group>"; };
		9AA82B321D3FEE8B00617248 /* FMDatabasePool.m */ = {isa = PBXFileReference; fileEncoding = 4; lastKnownFileType = sourcecode.c.objc; path = FMDatabasePool.m; sourceTree = "<group>"; };
		9AA82B331D3FEE8B00617248 /* FMDatabaseQueue.h */ = {isa = PBXFileReference; fileEncoding = 4; lastKnownFileType = sourcecode.c.h; path = FMDatabaseQueue.h; sourceTree = "<group>"; };
		9AA82B341D3FEE8B00617248 /* FMDatabaseQueue.m */ = {isa = PBXFileReference; fileEncoding = 4; lastKnownFileType = sourcecode.c.objc; path = FMDatabaseQueue.m; sourceTree = "<group>"; };
		9AA82B351D3FEE8B00617248 /* FMDB.h */ = {isa = PBXFileReference; fileEncoding = 4; lastKnownFileType = sourcecode.c.h; path = FMDB.h; sourceTree = "<group>"; };
		9AA82B361D3FEE8B00617248 /* FMResultSet.h */ = {isa = PBXFileReference; fileEncoding = 4; lastKnownFileType = sourcecode.c.h; path = FMResultSet.h; sourceTree = "<group>"; };
		9AA82B371D3FEE8B00617248 /* FMResultSet.m */ = {isa = PBXFileReference; fileEncoding = 4; lastKnownFileType = sourcecode.c.objc; path = FMResultSet.m; sourceTree = "<group>"; };
		9AA82B3D1D3FF15B00617248 /* Bridging-Header.h */ = {isa = PBXFileReference; fileEncoding = 4; lastKnownFileType = sourcecode.c.h; path = "Bridging-Header.h"; sourceTree = "<group>"; };
		9AA82B431D404C6C00617248 /* libsqlite3.dylib */ = {isa = PBXFileReference; lastKnownFileType = "compiled.mach-o.dylib"; path = libsqlite3.dylib; sourceTree = "<group>"; };
		9AA82B461D40507300617248 /* PDFAnalyzerClass.swift */ = {isa = PBXFileReference; fileEncoding = 4; lastKnownFileType = sourcecode.swift; path = PDFAnalyzerClass.swift; sourceTree = "<group>"; };
		9ADF212B1D2ED7520070EB92 /* STAAR_DocParser_2016.app */ = {isa = PBXFileReference; explicitFileType = wrapper.application; includeInIndex = 0; path = STAAR_DocParser_2016.app; sourceTree = BUILT_PRODUCTS_DIR; };
		9ADF212E1D2ED7520070EB92 /* AppDelegate.swift */ = {isa = PBXFileReference; lastKnownFileType = sourcecode.swift; path = AppDelegate.swift; sourceTree = "<group>"; };
		9ADF21301D2ED7520070EB92 /* ViewController.swift */ = {isa = PBXFileReference; lastKnownFileType = sourcecode.swift; path = ViewController.swift; sourceTree = "<group>"; };
		9ADF21321D2ED7520070EB92 /* Assets.xcassets */ = {isa = PBXFileReference; lastKnownFileType = folder.assetcatalog; path = Assets.xcassets; sourceTree = "<group>"; };
		9ADF21351D2ED7520070EB92 /* Base */ = {isa = PBXFileReference; lastKnownFileType = file.storyboard; name = Base; path = Base.lproj/Main.storyboard; sourceTree = "<group>"; };
		9ADF21371D2ED7520070EB92 /* Info.plist */ = {isa = PBXFileReference; lastKnownFileType = text.plist.xml; path = Info.plist; sourceTree = "<group>"; };
		9ADF213C1D2ED7530070EB92 /* STAAR_DocParser_2016Tests.xctest */ = {isa = PBXFileReference; explicitFileType = wrapper.cfbundle; includeInIndex = 0; path = STAAR_DocParser_2016Tests.xctest; sourceTree = BUILT_PRODUCTS_DIR; };
		9ADF21401D2ED7530070EB92 /* STAAR_DocParser_2016Tests.swift */ = {isa = PBXFileReference; lastKnownFileType = sourcecode.swift; path = STAAR_DocParser_2016Tests.swift; sourceTree = "<group>"; };
		9ADF21421D2ED7530070EB92 /* Info.plist */ = {isa = PBXFileReference; lastKnownFileType = text.plist.xml; path = Info.plist; sourceTree = "<group>"; };
		9ADF21471D2ED7530070EB92 /* STAAR_DocParser_2016UITests.xctest */ = {isa = PBXFileReference; explicitFileType = wrapper.cfbundle; includeInIndex = 0; path = STAAR_DocParser_2016UITests.xctest; sourceTree = BUILT_PRODUCTS_DIR; };
		9ADF214B1D2ED7530070EB92 /* STAAR_DocParser_2016UITests.swift */ = {isa = PBXFileReference; lastKnownFileType = sourcecode.swift; path = STAAR_DocParser_2016UITests.swift; sourceTree = "<group>"; };
		9ADF214D1D2ED7530070EB92 /* Info.plist */ = {isa = PBXFileReference; lastKnownFileType = text.plist.xml; path = Info.plist; sourceTree = "<group>"; };
/* End PBXFileReference section */

/* Begin PBXFrameworksBuildPhase section */
		9ADF21281D2ED7520070EB92 /* Frameworks */ = {
			isa = PBXFrameworksBuildPhase;
			buildActionMask = 2147483647;
			files = (
				9AA82B441D404C6C00617248 /* libsqlite3.dylib in Frameworks */,
			);
			runOnlyForDeploymentPostprocessing = 0;
		};
		9ADF21391D2ED7530070EB92 /* Frameworks */ = {
			isa = PBXFrameworksBuildPhase;
			buildActionMask = 2147483647;
			files = (
			);
			runOnlyForDeploymentPostprocessing = 0;
		};
		9ADF21441D2ED7530070EB92 /* Frameworks */ = {
			isa = PBXFrameworksBuildPhase;
			buildActionMask = 2147483647;
			files = (
			);
			runOnlyForDeploymentPostprocessing = 0;
		};
/* End PBXFrameworksBuildPhase section */

/* Begin PBXGroup section */
		9AA82B2C1D3FEE8B00617248 /* FMDB */ = {
			isa = PBXGroup;
			children = (
				9AA82B2D1D3FEE8B00617248 /* FMDatabase.h */,
				9AA82B2E1D3FEE8B00617248 /* FMDatabase.m */,
				9AA82B2F1D3FEE8B00617248 /* FMDatabaseAdditions.h */,
				9AA82B301D3FEE8B00617248 /* FMDatabaseAdditions.m */,
				9AA82B311D3FEE8B00617248 /* FMDatabasePool.h */,
				9AA82B321D3FEE8B00617248 /* FMDatabasePool.m */,
				9AA82B331D3FEE8B00617248 /* FMDatabaseQueue.h */,
				9AA82B341D3FEE8B00617248 /* FMDatabaseQueue.m */,
				9AA82B351D3FEE8B00617248 /* FMDB.h */,
				9AA82B361D3FEE8B00617248 /* FMResultSet.h */,
				9AA82B371D3FEE8B00617248 /* FMResultSet.m */,
			);
			path = FMDB;
			sourceTree = "<group>";
		};
		9ADF21221D2ED7520070EB92 = {
			isa = PBXGroup;
			children = (
				9ADF212D1D2ED7520070EB92 /* STAAR_DocParser_2016 */,
				9ADF213F1D2ED7530070EB92 /* STAAR_DocParser_2016Tests */,
				9ADF214A1D2ED7530070EB92 /* STAAR_DocParser_2016UITests */,
				9ADF212C1D2ED7520070EB92 /* Products */,
			);
			sourceTree = "<group>";
		};
		9ADF212C1D2ED7520070EB92 /* Products */ = {
			isa = PBXGroup;
			children = (
				9ADF212B1D2ED7520070EB92 /* STAAR_DocParser_2016.app */,
				9ADF213C1D2ED7530070EB92 /* STAAR_DocParser_2016Tests.xctest */,
				9ADF21471D2ED7530070EB92 /* STAAR_DocParser_2016UITests.xctest */,
			);
			name = Products;
			sourceTree = "<group>";
		};
		9ADF212D1D2ED7520070EB92 /* STAAR_DocParser_2016 */ = {
			isa = PBXGroup;
			children = (
				9AA82B2C1D3FEE8B00617248 /* FMDB */,
				9ADF212E1D2ED7520070EB92 /* AppDelegate.swift */,
				9ADF21301D2ED7520070EB92 /* ViewController.swift */,
				9AA82B461D40507300617248 /* PDFAnalyzerClass.swift */,
				9ADF21321D2ED7520070EB92 /* Assets.xcassets */,
				9ADF21341D2ED7520070EB92 /* Main.storyboard */,
				9ADF21371D2ED7520070EB92 /* Info.plist */,
				9AA82B3D1D3FF15B00617248 /* Bridging-Header.h */,
				9AA82B431D404C6C00617248 /* libsqlite3.dylib */,
			);
			path = STAAR_DocParser_2016;
			sourceTree = "<group>";
		};
		9ADF213F1D2ED7530070EB92 /* STAAR_DocParser_2016Tests */ = {
			isa = PBXGroup;
			children = (
				9ADF21401D2ED7530070EB92 /* STAAR_DocParser_2016Tests.swift */,
				9ADF21421D2ED7530070EB92 /* Info.plist */,
			);
			path = STAAR_DocParser_2016Tests;
			sourceTree = "<group>";
		};
		9ADF214A1D2ED7530070EB92 /* STAAR_DocParser_2016UITests */ = {
			isa = PBXGroup;
			children = (
				9ADF214B1D2ED7530070EB92 /* STAAR_DocParser_2016UITests.swift */,
				9ADF214D1D2ED7530070EB92 /* Info.plist */,
			);
			path = STAAR_DocParser_2016UITests;
			sourceTree = "<group>";
		};
/* End PBXGroup section */

/* Begin PBXNativeTarget section */
		9ADF212A1D2ED7520070EB92 /* STAAR_DocParser_2016 */ = {
			isa = PBXNativeTarget;
			buildConfigurationList = 9ADF21501D2ED7530070EB92 /* Build configuration list for PBXNativeTarget "STAAR_DocParser_2016" */;
			buildPhases = (
				9ADF21271D2ED7520070EB92 /* Sources */,
				9ADF21281D2ED7520070EB92 /* Frameworks */,
				9ADF21291D2ED7520070EB92 /* Resources */,
			);
			buildRules = (
			);
			dependencies = (
			);
			name = STAAR_DocParser_2016;
			productName = STAAR_DocParser_2016;
			productReference = 9ADF212B1D2ED7520070EB92 /* STAAR_DocParser_2016.app */;
			productType = "com.apple.product-type.application";
		};
		9ADF213B1D2ED7530070EB92 /* STAAR_DocParser_2016Tests */ = {
			isa = PBXNativeTarget;
			buildConfigurationList = 9ADF21531D2ED7530070EB92 /* Build configuration list for PBXNativeTarget "STAAR_DocParser_2016Tests" */;
			buildPhases = (
				9ADF21381D2ED7530070EB92 /* Sources */,
				9ADF21391D2ED7530070EB92 /* Frameworks */,
				9ADF213A1D2ED7530070EB92 /* Resources */,
			);
			buildRules = (
			);
			dependencies = (
				9ADF213E1D2ED7530070EB92 /* PBXTargetDependency */,
			);
			name = STAAR_DocParser_2016Tests;
			productName = STAAR_DocParser_2016Tests;
			productReference = 9ADF213C1D2ED7530070EB92 /* STAAR_DocParser_2016Tests.xctest */;
			productType = "com.apple.product-type.bundle.unit-test";
		};
		9ADF21461D2ED7530070EB92 /* STAAR_DocParser_2016UITests */ = {
			isa = PBXNativeTarget;
			buildConfigurationList = 9ADF21561D2ED7530070EB92 /* Build configuration list for PBXNativeTarget "STAAR_DocParser_2016UITests" */;
			buildPhases = (
				9ADF21431D2ED7530070EB92 /* Sources */,
				9ADF21441D2ED7530070EB92 /* Frameworks */,
				9ADF21451D2ED7530070EB92 /* Resources */,
			);
			buildRules = (
			);
			dependencies = (
				9ADF21491D2ED7530070EB92 /* PBXTargetDependency */,
			);
			name = STAAR_DocParser_2016UITests;
			productName = STAAR_DocParser_2016UITests;
			productReference = 9ADF21471D2ED7530070EB92 /* STAAR_DocParser_2016UITests.xctest */;
			productType = "com.apple.product-type.bundle.ui-testing";
		};
/* End PBXNativeTarget section */

/* Begin PBXProject section */
		9ADF21231D2ED7520070EB92 /* Project object */ = {
			isa = PBXProject;
			attributes = {
				LastSwiftUpdateCheck = 0730;
				LastUpgradeCheck = 0730;
				ORGANIZATIONNAME = "Niloofar Zarei";
				TargetAttributes = {
					9ADF212A1D2ED7520070EB92 = {
						CreatedOnToolsVersion = 7.3.1;
					};
					9ADF213B1D2ED7530070EB92 = {
						CreatedOnToolsVersion = 7.3.1;
						TestTargetID = 9ADF212A1D2ED7520070EB92;
					};
					9ADF21461D2ED7530070EB92 = {
						CreatedOnToolsVersion = 7.3.1;
						TestTargetID = 9ADF212A1D2ED7520070EB92;
					};
				};
			};
			buildConfigurationList = 9ADF21261D2ED7520070EB92 /* Build configuration list for PBXProject "STAAR_DocParser_2016" */;
			compatibilityVersion = "Xcode 3.2";
			developmentRegion = English;
			hasScannedForEncodings = 0;
			knownRegions = (
				en,
				Base,
			);
			mainGroup = 9ADF21221D2ED7520070EB92;
			productRefGroup = 9ADF212C1D2ED7520070EB92 /* Products */;
			projectDirPath = "";
			projectRoot = "";
			targets = (
				9ADF212A1D2ED7520070EB92 /* STAAR_DocParser_2016 */,
				9ADF213B1D2ED7530070EB92 /* STAAR_DocParser_2016Tests */,
				9ADF21461D2ED7530070EB92 /* STAAR_DocParser_2016UITests */,
			);
		};
/* End PBXProject section */

/* Begin PBXResourcesBuildPhase section */
		9ADF21291D2ED7520070EB92 /* Resources */ = {
			isa = PBXResourcesBuildPhase;
			buildActionMask = 2147483647;
			files = (
				9ADF21331D2ED7520070EB92 /* Assets.xcassets in Resources */,
				9ADF21361D2ED7520070EB92 /* Main.storyboard in Resources */,
			);
			runOnlyForDeploymentPostprocessing = 0;
		};
		9ADF213A1D2ED7530070EB92 /* Resources */ = {
			isa = PBXResourcesBuildPhase;
			buildActionMask = 2147483647;
			files = (
			);
			runOnlyForDeploymentPostprocessing = 0;
		};
		9ADF21451D2ED7530070EB92 /* Resources */ = {
			isa = PBXResourcesBuildPhase;
			buildActionMask = 2147483647;
			files = (
			);
			runOnlyForDeploymentPostprocessing = 0;
		};
/* End PBXResourcesBuildPhase section */

/* Begin PBXSourcesBuildPhase section */
		9ADF21271D2ED7520070EB92 /* Sources */ = {
			isa = PBXSourcesBuildPhase;
			buildActionMask = 2147483647;
			files = (
				9AA82B451D404C7C00617248 /* libsqlite3.dylib in Sources */,
				9AA82B381D3FEE8B00617248 /* FMDatabase.m in Sources */,
				9ADF21311D2ED7520070EB92 /* ViewController.swift in Sources */,
				9AA82B3C1D3FEE8B00617248 /* FMResultSet.m in Sources */,
				9AA82B3A1D3FEE8B00617248 /* FMDatabasePool.m in Sources */,
				9ADF212F1D2ED7520070EB92 /* AppDelegate.swift in Sources */,
				9AA82B391D3FEE8B00617248 /* FMDatabaseAdditions.m in Sources */,
				9AA82B471D40507300617248 /* PDFAnalyzerClass.swift in Sources */,
				9AA82B3B1D3FEE8B00617248 /* FMDatabaseQueue.m in Sources */,
			);
			runOnlyForDeploymentPostprocessing = 0;
		};
		9ADF21381D2ED7530070EB92 /* Sources */ = {
			isa = PBXSourcesBuildPhase;
			buildActionMask = 2147483647;
			files = (
				9ADF21411D2ED7530070EB92 /* STAAR_DocParser_2016Tests.swift in Sources */,
			);
			runOnlyForDeploymentPostprocessing = 0;
		};
		9ADF21431D2ED7530070EB92 /* Sources */ = {
			isa = PBXSourcesBuildPhase;
			buildActionMask = 2147483647;
			files = (
				9ADF214C1D2ED7530070EB92 /* STAAR_DocParser_2016UITests.swift in Sources */,
			);
			runOnlyForDeploymentPostprocessing = 0;
		};
/* End PBXSourcesBuildPhase section */

/* Begin PBXTargetDependency section */
		9ADF213E1D2ED7530070EB92 /* PBXTargetDependency */ = {
			isa = PBXTargetDependency;
			target = 9ADF212A1D2ED7520070EB92 /* STAAR_DocParser_2016 */;
			targetProxy = 9ADF213D1D2ED7530070EB92 /* PBXContainerItemProxy */;
		};
		9ADF21491D2ED7530070EB92 /* PBXTargetDependency */ = {
			isa = PBXTargetDependency;
			target = 9ADF212A1D2ED7520070EB92 /* STAAR_DocParser_2016 */;
			targetProxy = 9ADF21481D2ED7530070EB92 /* PBXContainerItemProxy */;
		};
/* End PBXTargetDependency section */

/* Begin PBXVariantGroup section */
		9ADF21341D2ED7520070EB92 /* Main.storyboard */ = {
			isa = PBXVariantGroup;
			children = (
				9ADF21351D2ED7520070EB92 /* Base */,
			);
			name = Main.storyboard;
			sourceTree = "<group>";
		};
/* End PBXVariantGroup section */

/* Begin XCBuildConfiguration section */
		9ADF214E1D2ED7530070EB92 /* Debug */ = {
			isa = XCBuildConfiguration;
			buildSettings = {
				ALWAYS_SEARCH_USER_PATHS = NO;
				CLANG_ANALYZER_NONNULL = YES;
				CLANG_CXX_LANGUAGE_STANDARD = "gnu++0x";
				CLANG_CXX_LIBRARY = "libc++";
				CLANG_ENABLE_MODULES = YES;
				CLANG_ENABLE_OBJC_ARC = YES;
				CLANG_WARN_BOOL_CONVERSION = YES;
				CLANG_WARN_CONSTANT_CONVERSION = YES;
				CLANG_WARN_DIRECT_OBJC_ISA_USAGE = YES_ERROR;
				CLANG_WARN_EMPTY_BODY = YES;
				CLANG_WARN_ENUM_CONVERSION = YES;
				CLANG_WARN_INT_CONVERSION = YES;
				CLANG_WARN_OBJC_ROOT_CLASS = YES_ERROR;
				CLANG_WARN_UNREACHABLE_CODE = YES;
				CLANG_WARN__DUPLICATE_METHOD_MATCH = YES;
				CODE_SIGN_IDENTITY = "-";
				COPY_PHASE_STRIP = NO;
				DEBUG_INFORMATION_FORMAT = dwarf;
				ENABLE_STRICT_OBJC_MSGSEND = YES;
				ENABLE_TESTABILITY = YES;
				GCC_C_LANGUAGE_STANDARD = gnu99;
				GCC_DYNAMIC_NO_PIC = NO;
				GCC_NO_COMMON_BLOCKS = YES;
				GCC_OPTIMIZATION_LEVEL = 0;
				GCC_PREPROCESSOR_DEFINITIONS = (
					"DEBUG=1",
					"$(inherited)",
				);
				GCC_WARN_64_TO_32_BIT_CONVERSION = YES;
				GCC_WARN_ABOUT_RETURN_TYPE = YES_ERROR;
				GCC_WARN_UNDECLARED_SELECTOR = YES;
				GCC_WARN_UNINITIALIZED_AUTOS = YES_AGGRESSIVE;
				GCC_WARN_UNUSED_FUNCTION = YES;
				GCC_WARN_UNUSED_VARIABLE = YES;
				MACOSX_DEPLOYMENT_TARGET = 10.11;
				MTL_ENABLE_DEBUG_INFO = YES;
				ONLY_ACTIVE_ARCH = YES;
				SDKROOT = macosx;
				SWIFT_OPTIMIZATION_LEVEL = "-Onone";
			};
			name = Debug;
		};
		9ADF214F1D2ED7530070EB92 /* Release */ = {
			isa = XCBuildConfiguration;
			buildSettings = {
				ALWAYS_SEARCH_USER_PATHS = NO;
				CLANG_ANALYZER_NONNULL = YES;
				CLANG_CXX_LANGUAGE_STANDARD = "gnu++0x";
				CLANG_CXX_LIBRARY = "libc++";
				CLANG_ENABLE_MODULES = YES;
				CLANG_ENABLE_OBJC_ARC = YES;
				CLANG_WARN_BOOL_CONVERSION = YES;
				CLANG_WARN_CONSTANT_CONVERSION = YES;
				CLANG_WARN_DIRECT_OBJC_ISA_USAGE = YES_ERROR;
				CLANG_WARN_EMPTY_BODY = YES;
				CLANG_WARN_ENUM_CONVERSION = YES;
				CLANG_WARN_INT_CONVERSION = YES;
				CLANG_WARN_OBJC_ROOT_CLASS = YES_ERROR;
				CLANG_WARN_UNREACHABLE_CODE = YES;
				CLANG_WARN__DUPLICATE_METHOD_MATCH = YES;
				CODE_SIGN_IDENTITY = "-";
				COPY_PHASE_STRIP = NO;
				DEBUG_INFORMATION_FORMAT = "dwarf-with-dsym";
				ENABLE_NS_ASSERTIONS = NO;
				ENABLE_STRICT_OBJC_MSGSEND = YES;
				GCC_C_LANGUAGE_STANDARD = gnu99;
				GCC_NO_COMMON_BLOCKS = YES;
				GCC_WARN_64_TO_32_BIT_CONVERSION = YES;
				GCC_WARN_ABOUT_RETURN_TYPE = YES_ERROR;
				GCC_WARN_UNDECLARED_SELECTOR = YES;
				GCC_WARN_UNINITIALIZED_AUTOS = YES_AGGRESSIVE;
				GCC_WARN_UNUSED_FUNCTION = YES;
				GCC_WARN_UNUSED_VARIABLE = YES;
				MACOSX_DEPLOYMENT_TARGET = 10.11;
				MTL_ENABLE_DEBUG_INFO = NO;
				SDKROOT = macosx;
			};
			name = Release;
		};
		9ADF21511D2ED7530070EB92 /* Debug */ = {
			isa = XCBuildConfiguration;
			buildSettings = {
				ASSETCATALOG_COMPILER_APPICON_NAME = AppIcon;
				COMBINE_HIDPI_IMAGES = YES;
				INFOPLIST_FILE = STAAR_DocParser_2016/Info.plist;
				LD_RUNPATH_SEARCH_PATHS = "$(inherited) @executable_path/../Frameworks";
				LIBRARY_SEARCH_PATHS = (
					"$(inherited)",
					"$(PROJECT_DIR)/STAAR_DocParser_2016",
				);
				PRODUCT_BUNDLE_IDENTIFIER = "TEILAB.STAAR-DocParser-2016";
				PRODUCT_NAME = "$(TARGET_NAME)";
				SWIFT_OBJC_BRIDGING_HEADER = "$(SRCROOT)/STAAR_Docparser_2016/Bridging-Header.h";
			};
			name = Debug;
		};
		9ADF21521D2ED7530070EB92 /* Release */ = {
			isa = XCBuildConfiguration;
			buildSettings = {
				ASSETCATALOG_COMPILER_APPICON_NAME = AppIcon;
				COMBINE_HIDPI_IMAGES = YES;
				INFOPLIST_FILE = STAAR_DocParser_2016/Info.plist;
				LD_RUNPATH_SEARCH_PATHS = "$(inherited) @executable_path/../Frameworks";
				LIBRARY_SEARCH_PATHS = (
					"$(inherited)",
					"$(PROJECT_DIR)/STAAR_DocParser_2016",
				);
				PRODUCT_BUNDLE_IDENTIFIER = "TEILAB.STAAR-DocParser-2016";
				PRODUCT_NAME = "$(TARGET_NAME)";
				SWIFT_OBJC_BRIDGING_HEADER = "$(SRCROOT)/STAAR_Docparser_2016/Bridging-Header.h";
			};
			name = Release;
		};
		9ADF21541D2ED7530070EB92 /* Debug */ = {
			isa = XCBuildConfiguration;
			buildSettings = {
				BUNDLE_LOADER = "$(TEST_HOST)";
				COMBINE_HIDPI_IMAGES = YES;
				INFOPLIST_FILE = STAAR_DocParser_2016Tests/Info.plist;
				LD_RUNPATH_SEARCH_PATHS = "$(inherited) @executable_path/../Frameworks @loader_path/../Frameworks";
				LIBRARY_SEARCH_PATHS = (
					"$(inherited)",
					"$(PROJECT_DIR)/STAAR_DocParser_2016",
				);
				PRODUCT_BUNDLE_IDENTIFIER = "TEILAB.STAAR-DocParser-2016Tests";
				PRODUCT_NAME = "$(TARGET_NAME)";
				TEST_HOST = "$(BUILT_PRODUCTS_DIR)/STAAR_DocParser_2016.app/Contents/MacOS/STAAR_DocParser_2016";
			};
			name = Debug;
		};
		9ADF21551D2ED7530070EB92 /* Release */ = {
			isa = XCBuildConfiguration;
			buildSettings = {
				BUNDLE_LOADER = "$(TEST_HOST)";
				COMBINE_HIDPI_IMAGES = YES;
				INFOPLIST_FILE = STAAR_DocParser_2016Tests/Info.plist;
				LD_RUNPATH_SEARCH_PATHS = "$(inherited) @executable_path/../Frameworks @loader_path/../Frameworks";
				LIBRARY_SEARCH_PATHS = (
					"$(inherited)",
					"$(PROJECT_DIR)/STAAR_DocParser_2016",
				);
				PRODUCT_BUNDLE_IDENTIFIER = "TEILAB.STAAR-DocParser-2016Tests";
				PRODUCT_NAME = "$(TARGET_NAME)";
				TEST_HOST = "$(BUILT_PRODUCTS_DIR)/STAAR_DocParser_2016.app/Contents/MacOS/STAAR_DocParser_2016";
			};
			name = Release;
		};
		9ADF21571D2ED7530070EB92 /* Debug */ = {
			isa = XCBuildConfiguration;
			buildSettings = {
				COMBINE_HIDPI_IMAGES = YES;
				INFOPLIST_FILE = STAAR_DocParser_2016UITests/Info.plist;
				LD_RUNPATH_SEARCH_PATHS = "$(inherited) @executable_path/../Frameworks @loader_path/../Frameworks";
				LIBRARY_SEARCH_PATHS = (
					"$(inherited)",
					"$(PROJECT_DIR)/STAAR_DocParser_2016",
				);
				PRODUCT_BUNDLE_IDENTIFIER = "TEILAB.STAAR-DocParser-2016UITests";
				PRODUCT_NAME = "$(TARGET_NAME)";
				TEST_TARGET_NAME = STAAR_DocParser_2016;
			};
			name = Debug;
		};
		9ADF21581D2ED7530070EB92 /* Release */ = {
			isa = XCBuildConfiguration;
			buildSettings = {
				COMBINE_HIDPI_IMAGES = YES;
				INFOPLIST_FILE = STAAR_DocParser_2016UITests/Info.plist;
				LD_RUNPATH_SEARCH_PATHS = "$(inherited) @executable_path/../Frameworks @loader_path/../Frameworks";
				LIBRARY_SEARCH_PATHS = (
					"$(inherited)",
					"$(PROJECT_DIR)/STAAR_DocParser_2016",
				);
				PRODUCT_BUNDLE_IDENTIFIER = "TEILAB.STAAR-DocParser-2016UITests";
				PRODUCT_NAME = "$(TARGET_NAME)";
				TEST_TARGET_NAME = STAAR_DocParser_2016;
			};
			name = Release;
		};
/* End XCBuildConfiguration section */

/* Begin XCConfigurationList section */
		9ADF21261D2ED7520070EB92 /* Build configuration list for PBXProject "STAAR_DocParser_2016" */ = {
			isa = XCConfigurationList;
			buildConfigurations = (
				9ADF214E1D2ED7530070EB92 /* Debug */,
				9ADF214F1D2ED7530070EB92 /* Release */,
			);
			defaultConfigurationIsVisible = 0;
			defaultConfigurationName = Release;
		};
		9ADF21501D2ED7530070EB92 /* Build configuration list for PBXNativeTarget "STAAR_DocParser_2016" */ = {
			isa = XCConfigurationList;
			buildConfigurations = (
				9ADF21511D2ED7530070EB92 /* Debug */,
				9ADF21521D2ED7530070EB92 /* Release */,
			);
			defaultConfigurationIsVisible = 0;
			defaultConfigurationName = Release;
		};
		9ADF21531D2ED7530070EB92 /* Build configuration list for PBXNativeTarget "STAAR_DocParser_2016Tests" */ = {
			isa = XCConfigurationList;
			buildConfigurations = (
				9ADF21541D2ED7530070EB92 /* Debug */,
				9ADF21551D2ED7530070EB92 /* Release */,
			);
			defaultConfigurationIsVisible = 0;
			defaultConfigurationName = Release;
		};
		9ADF21561D2ED7530070EB92 /* Build configuration list for PBXNativeTarget "STAAR_DocParser_2016UITests" */ = {
			isa = XCConfigurationList;
			buildConfigurations = (
				9ADF21571D2ED7530070EB92 /* Debug */,
				9ADF21581D2ED7530070EB92 /* Release */,
			);
			defaultConfigurationIsVisible = 0;
			defaultConfigurationName = Release;
		};
/* End XCConfigurationList section */
	};
	rootObject = 9ADF21231D2ED7520070EB92 /* Project object */;
}
